
Microsoft Visual Studio Solution File, Format Version 12.00
# Visual Studio 15
Project("{FAE04EC0-301F-11D3-BF4B-00C04F79EFBC}") = "Assembly-CSharp", "Assembly-CSharp.csproj", "{F1941C9A-779A-D7D2-B313-01C5F6753C25}"
EndProject
Project("{FAE04EC0-301F-11D3-BF4B-00C04F79EFBC}") = "AstarPathfindingProject", "AstarPathfindingProject.csproj", "{65FA6483-9A4F-B5A7-34CF-A3736BAA1990}"
EndProject
Project("{FAE04EC0-301F-11D3-BF4B-00C04F79EFBC}") = "AstarPathfindingProjectEditor", "AstarPathfindingProjectEditor.csproj", "{B203B20B-814C-6470-4E0A-4ACBA9EAAE85}"
EndProject
Project("{FAE04EC0-301F-11D3-BF4B-00C04F79EFBC}") = "PackageToolsEditor", "PackageToolsEditor.csproj", "{266D0022-1185-0032-B55B-E18691232F11}"
EndProject
Global
	GlobalSection(SolutionConfigurationPlatforms) = preSolution
		Debug|Any CPU = Debug|Any CPU
		Release|Any CPU = Release|Any CPU
	EndGlobalSection
	GlobalSection(ProjectConfigurationPlatforms) = postSolution
		{F1941C9A-779A-D7D2-B313-01C5F6753C25}.Debug|Any CPU.ActiveCfg = Debug|Any CPU
		{F1941C9A-779A-D7D2-B313-01C5F6753C25}.Debug|Any CPU.Build.0 = Debug|Any CPU
		{F1941C9A-779A-D7D2-B313-01C5F6753C25}.Release|Any CPU.ActiveCfg = Release|Any CPU
		{F1941C9A-779A-D7D2-B313-01C5F6753C25}.Release|Any CPU.Build.0 = Release|Any CPU
		{65FA6483-9A4F-B5A7-34CF-A3736BAA1990}.Debug|Any CPU.ActiveCfg = Debug|Any CPU
		{65FA6483-9A4F-B5A7-34CF-A3736BAA1990}.Debug|Any CPU.Build.0 = Debug|Any CPU
		{65FA6483-9A4F-B5A7-34CF-A3736BAA1990}.Release|Any CPU.ActiveCfg = Release|Any CPU
		{65FA6483-9A4F-B5A7-34CF-A3736BAA1990}.Release|Any CPU.Build.0 = Release|Any CPU
		{B203B20B-814C-6470-4E0A-4ACBA9EAAE85}.Debug|Any CPU.ActiveCfg = Debug|Any CPU
		{B203B20B-814C-6470-4E0A-4ACBA9EAAE85}.Debug|Any CPU.Build.0 = Debug|Any CPU
		{B203B20B-814C-6470-4E0A-4ACBA9EAAE85}.Release|Any CPU.ActiveCfg = Release|Any CPU
		{B203B20B-814C-6470-4E0A-4ACBA9EAAE85}.Release|Any CPU.Build.0 = Release|Any CPU
		{266D0022-1185-0032-B55B-E18691232F11}.Debug|Any CPU.ActiveCfg = Debug|Any CPU
		{266D0022-1185-0032-B55B-E18691232F11}.Debug|Any CPU.Build.0 = Debug|Any CPU
		{266D0022-1185-0032-B55B-E18691232F11}.Release|Any CPU.ActiveCfg = Release|Any CPU
		{266D0022-1185-0032-B55B-E18691232F11}.Release|Any CPU.Build.0 = Release|Any CPU
	EndGlobalSection
	GlobalSection(SolutionProperties) = preSolution
		HideSolutionNode = FALSE
	EndGlobalSection
EndGlobal
